{
  "name": "private-translator-browser-validation",
  "version": "0.0.0",
  "lockfileVersion": 3,
  "requires": true,
  "packages": {
    "": {
      "name": "private-translator-browser-validation",
      "version": "0.0.0",
      "dependencies": {
        "@wllama/wllama": "3.5.1"
      }
    },
    "node_modules/@wllama/wllama": {
      "version": "3.5.1",
      "resolved": "https://registry.npmjs.org/@wllama/wllama/-/wllama-3.5.1.tgz",
      "integrity": "sha512-m5L0KKtmUTKz5lGvVVa/Y3qRtoobu80Jne51U0CSR6O930aOUURzhMEAolNsN4v0kfQ9u58wi2IdpUicLfaXUw==",
      "license": "MIT"
    }
  }
}
